
Microsoft Visual Studio Solution File, Format Version 12.00
# Visual Studio Version 17
VisualStudioVersion = 17.7.34031.279
MinimumVisualStudioVersion = 10.0.40219.1
Project("{FAE04EC0-301F-11D3-BF4B-00C04F79EFBC}") = "Module11Exercise3", "Module11Exercise3\Module11Exercise3.csproj", "{5D55BFFB-664E-48D4-AA41-DD608A7FB114}"
EndProject
Global
	GlobalSection(SolutionConfigurationPlatforms) = preSolution
		Debug|Any CPU = Debug|Any CPU
		Release|Any CPU = Release|Any CPU
	EndGlobalSection
	GlobalSection(ProjectConfigurationPlatforms) = postSolution
		{5D55BFFB-664E-48D4-AA41-DD608A7FB114}.Debug|Any CPU.ActiveCfg = Debug|Any CPU
		{5D55BFFB-664E-48D4-AA41-DD608A7FB114}.Debug|Any CPU.Build.0 = Debug|Any CPU
		{5D55BFFB-664E-48D4-AA41-DD608A7FB114}.Release|Any CPU.ActiveCfg = Release|Any CPU
		{5D55BFFB-664E-48D4-AA41-DD608A7FB114}.Release|Any CPU.Build.0 = Release|Any CPU
	EndGlobalSection
	GlobalSection(SolutionProperties) = preSolution
		HideSolutionNode = FALSE
	EndGlobalSection
	GlobalSection(ExtensibilityGlobals) = postSolution
		SolutionGuid = {DEB0B99C-D316-47E2-A93F-DF570CD31DC2}
	EndGlobalSection
EndGlobal
